{
  "version": 1,
  "digest": "sha256:1fcaa2b216c11ad3809763417dc63dbfa321d770040a7fde196b734da1cb9c7e",
  "entries": {
    "authz-deny-flood": {
      "sha256": "sha256:ad72c9e7cb7d96883fb8a3ea3daba45b3b5a9c112d722c925a433437911683e0",
      "validated_at": "2026-08-19T02:44:03.908701Z",
      "validated_against": {
        "istio": "1.24.1",
        "testbed": "0b41872"
      }
    },
    "canary-latency-rollback": {
      "sha256": "sha256:29f795fd9bfba3e9327b48adbff160c28af0ea642fc945247f7ffd619431f6c7",
      "validated_at": "2026-08-19T05:36:37.798894Z",
      "validated_against": {
        "istio": "1.24.1",
        "testbed": "5933b4c"
      }
    },
    "connection-pool-overflow": {
      "sha256": "sha256:f6dd11a9d6f246528221289ee7e47abaff35c6b5d6a5bbd12eb5a904c80abec2",
      "validated_at": "2026-08-20T04:11:06.33338Z",
      "validated_against": {
        "istio": "1.24.1",
        "testbed": "0a7f144"
      }
    },
    "error-surge-outlier-ejection": {
      "sha256": "sha256:3ab65bf00528cccaeb0976cc819df74d250cd52b0c15cebd8c6b674ce3982d07",
      "validated_at": "2026-08-19T02:44:03.908701Z",
      "validated_against": {
        "istio": "1.24.1",
        "testbed": "0b41872"
      }
    },
    "external-authz-denial": {
      "sha256": "sha256:c62d98bfa265091df7035810c15132de2b05780f3ae6cc8b0471d3ef977715c8",
      "validated_at": "2026-08-19T02:44:03.908701Z",
      "validated_against": {
        "istio": "1.24.1",
        "testbed": "0b41872"
      }
    },
    "fault-injection-left-in-production": {
      "sha256": "sha256:5105e1379b68765a87f627e59aab0d93960d10c1b6672ab0791c45aee8ece9e2",
      "validated_at": "2026-08-19T02:44:03.908701Z",
      "validated_against": {
        "istio": "1.24.1",
        "testbed": "0b41872"
      }
    },
    "ingress-edge-outage": {
      "sha256": "sha256:7352114f076230e0bdceecbd278be5cec472343d2abf1d88b5bc95cfd15115a6",
      "validated_at": "2026-08-19T02:44:03.908701Z",
      "validated_against": {
        "istio": "1.24.1",
        "testbed": "0b41872"
      }
    },
    "latency-regression-vs-baseline": {
      "sha256": "sha256:df0c7dd08bb78e57f5d9e1bb8030d231004f69d9f3354c3afc42a6ce41d32cc1",
      "validated_at": "2026-08-19T02:44:03.908701Z",
      "validated_against": {
        "istio": "1.24.1",
        "testbed": "0b41872"
      }
    },
    "mtls-policy-conflict-ambient": {
      "sha256": "sha256:2fa797fa06d5bd6c835c272e737629d44ead96a374635ef2a65d60e06349d589",
      "validated_at": "2026-08-19T18:45:48.214771Z",
      "validated_against": {
        "istio": "1.24.1",
        "testbed": "3bb4c3b"
      }
    },
    "no-route-blackhole": {
      "sha256": "sha256:a8e9942ad0cbf7bfe9072ed7dd035e791c2d544b08bca96c9c89fa7951d9a832",
      "validated_at": "2026-08-19T02:44:03.908701Z",
      "validated_against": {
        "istio": "1.24.1",
        "testbed": "0b41872"
      }
    },
    "rate-limit-throttling": {
      "sha256": "sha256:66c80de5674fc00a2af1af373bdc59a46351bf5c8a372a0c8bb140a056de775b",
      "validated_at": "2026-08-19T02:44:03.908701Z",
      "validated_against": {
        "istio": "1.24.1",
        "testbed": "0b41872"
      }
    },
    "route-timeout-too-short": {
      "sha256": "sha256:cae9e547f9848f3137882cc35b46f87d6726b2008c6f5a32048012f05a6fb3a0",
      "validated_at": "2026-08-19T02:44:03.908701Z",
      "validated_against": {
        "istio": "1.24.1",
        "testbed": "0b41872"
      }
    },
    "traffic-vanished-triage": {
      "sha256": "sha256:7e47051f672e719962f07689488224f4ce641c2f9229ba88b5b163c423e94a85",
      "validated_at": "2026-08-19T02:44:03.908701Z",
      "validated_against": {
        "istio": "1.24.1",
        "testbed": "0b41872"
      }
    },
    "upstream-dependency-errors": {
      "sha256": "sha256:2bd7732813e5fc5cfff7afc079ef3b12207631c0ee6e3b808c7eace42e852488",
      "validated_at": "2026-08-19T02:44:03.908701Z",
      "validated_against": {
        "istio": "1.24.1",
        "testbed": "0b41872"
      }
    },
    "upstream-dependency-latency": {
      "sha256": "sha256:336efeab79ea536afcd415305bffcabab17e3ae4855edc72be08eb02090114f9",
      "validated_at": "2026-08-20T04:11:06.33338Z",
      "validated_against": {
        "istio": "1.24.1",
        "testbed": "0a7f144"
      }
    },
    "upstream-host-ejection-flood": {
      "sha256": "sha256:d0df94442412237e4975f39dc6a13ea0702132c389bcc09e6fa348b169b2d7fa",
      "validated_at": "2026-08-19T02:44:03.908701Z",
      "validated_against": {
        "istio": "1.24.1",
        "testbed": "0b41872"
      }
    }
  }
}
